
Microsoft Visual Studio Solution File, Format Version 12.00
# Visual Studio Version 17
VisualStudioVersion = 17.4.33205.214
MinimumVisualStudioVersion = 10.0.40219.1
Project("{888888A0-9F3D-457C-B088-3A5042F75D52}") = "Järjendid_Mihhalenkov", "Järjendid_Mihhalenkov.pyproj", "{780D4265-F1A9-4398-AFA9-F9ABD1A12DDD}"
EndProject
Global
	GlobalSection(SolutionConfigurationPlatforms) = preSolution
		Debug|Any CPU = Debug|Any CPU
		Release|Any CPU = Release|Any CPU
	EndGlobalSection
	GlobalSection(ProjectConfigurationPlatforms) = postSolution
		{780D4265-F1A9-4398-AFA9-F9ABD1A12DDD}.Debug|Any CPU.ActiveCfg = Debug|Any CPU
		{780D4265-F1A9-4398-AFA9-F9ABD1A12DDD}.Release|Any CPU.ActiveCfg = Release|Any CPU
	EndGlobalSection
	GlobalSection(SolutionProperties) = preSolution
		HideSolutionNode = FALSE
	EndGlobalSection
	GlobalSection(ExtensibilityGlobals) = postSolution
		SolutionGuid = {6316865D-6F55-4A8C-9A47-3E8E134DD567}
	EndGlobalSection
EndGlobal
